
Microsoft Visual Studio Solution File, Format Version 12.00
# Visual Studio Version 16
VisualStudioVersion = 16.0.30804.86
MinimumVisualStudioVersion = 10.0.40219.1
Project("{FAE04EC0-301F-11D3-BF4B-00C04F79EFBC}") = "Workshop7.1", "CsharpLAB-5\Workshop7.1.csproj", "{2B4ECEED-F77E-4538-8869-02CA51FF5752}"
EndProject
Project("{FAE04EC0-301F-11D3-BF4B-00C04F79EFBC}") = "Workshop7.2", "Workshop7.2\Workshop7.2.csproj", "{23DC22A1-3D8F-4036-BB83-1D14CF6AFB41}"
EndProject
Project("{FAE04EC0-301F-11D3-BF4B-00C04F79EFBC}") = "Workshop7.3", "Worshop7.3\Workshop7.3.csproj", "{B264866C-2EF5-4EAC-9C58-5FE4C1707597}"
EndProject
Project("{FAE04EC0-301F-11D3-BF4B-00C04F79EFBC}") = "Workshop8.1", "Workshop8.1\Workshop8.1.csproj", "{06BC709F-5E00-48D3-8453-685CCE617AD0}"
EndProject
Project("{FAE04EC0-301F-11D3-BF4B-00C04F79EFBC}") = "Workshop8.2", "Workshop8.2\Workshop8.2.csproj", "{2A69AB28-57F5-42B4-96A7-3A848C134D6A}"
EndProject
Global
	GlobalSection(SolutionConfigurationPlatforms) = preSolution
		Debug|Any CPU = Debug|Any CPU
		Release|Any CPU = Release|Any CPU
	EndGlobalSection
	GlobalSection(ProjectConfigurationPlatforms) = postSolution
		{2B4ECEED-F77E-4538-8869-02CA51FF5752}.Debug|Any CPU.ActiveCfg = Debug|Any CPU
		{2B4ECEED-F77E-4538-8869-02CA51FF5752}.Debug|Any CPU.Build.0 = Debug|Any CPU
		{2B4ECEED-F77E-4538-8869-02CA51FF5752}.Release|Any CPU.ActiveCfg = Release|Any CPU
		{2B4ECEED-F77E-4538-8869-02CA51FF5752}.Release|Any CPU.Build.0 = Release|Any CPU
		{23DC22A1-3D8F-4036-BB83-1D14CF6AFB41}.Debug|Any CPU.ActiveCfg = Debug|Any CPU
		{23DC22A1-3D8F-4036-BB83-1D14CF6AFB41}.Debug|Any CPU.Build.0 = Debug|Any CPU
		{23DC22A1-3D8F-4036-BB83-1D14CF6AFB41}.Release|Any CPU.ActiveCfg = Release|Any CPU
		{23DC22A1-3D8F-4036-BB83-1D14CF6AFB41}.Release|Any CPU.Build.0 = Release|Any CPU
		{B264866C-2EF5-4EAC-9C58-5FE4C1707597}.Debug|Any CPU.ActiveCfg = Debug|Any CPU
		{B264866C-2EF5-4EAC-9C58-5FE4C1707597}.Debug|Any CPU.Build.0 = Debug|Any CPU
		{B264866C-2EF5-4EAC-9C58-5FE4C1707597}.Release|Any CPU.ActiveCfg = Release|Any CPU
		{B264866C-2EF5-4EAC-9C58-5FE4C1707597}.Release|Any CPU.Build.0 = Release|Any CPU
		{06BC709F-5E00-48D3-8453-685CCE617AD0}.Debug|Any CPU.ActiveCfg = Debug|Any CPU
		{06BC709F-5E00-48D3-8453-685CCE617AD0}.Debug|Any CPU.Build.0 = Debug|Any CPU
		{06BC709F-5E00-48D3-8453-685CCE617AD0}.Release|Any CPU.ActiveCfg = Release|Any CPU
		{06BC709F-5E00-48D3-8453-685CCE617AD0}.Release|Any CPU.Build.0 = Release|Any CPU
		{2A69AB28-57F5-42B4-96A7-3A848C134D6A}.Debug|Any CPU.ActiveCfg = Debug|Any CPU
		{2A69AB28-57F5-42B4-96A7-3A848C134D6A}.Debug|Any CPU.Build.0 = Debug|Any CPU
		{2A69AB28-57F5-42B4-96A7-3A848C134D6A}.Release|Any CPU.ActiveCfg = Release|Any CPU
		{2A69AB28-57F5-42B4-96A7-3A848C134D6A}.Release|Any CPU.Build.0 = Release|Any CPU
	EndGlobalSection
	GlobalSection(SolutionProperties) = preSolution
		HideSolutionNode = FALSE
	EndGlobalSection
	GlobalSection(ExtensibilityGlobals) = postSolution
		SolutionGuid = {D2342EEA-2461-4026-945B-A861B167F559}
	EndGlobalSection
EndGlobal
